// !$*UTF8*$!
{
	archiveVersion = 1;
	classes = {
	};
	objectVersion = 46;
	objects = {

/* Begin PBXBuildFile section */
		AFC3872B1EA86A9C00553AC0 /* main.m in Sources */ = {isa = PBXBuildFile; fileRef = AFC3872A1EA86A9C00553AC0 /* main.m */; };
		AFC3872E1EA86A9C00553AC0 /* AppDelegate.m in Sources */ = {isa = PBXBuildFile; fileRef = AFC3872D1EA86A9C00553AC0 /* AppDelegate.m */; };
		AFC387311EA86A9C00553AC0 /* ViewController.m in Sources */ = {isa = PBXBuildFile; fileRef = AFC387301EA86A9C00553AC0 /* ViewController.m */; };
		AFC387341EA86A9C00553AC0 /* Main.storyboard in Resources */ = {isa = PBXBuildFile; fileRef = AFC387321EA86A9C00553AC0 /* Main.storyboard */; };
		AFC387361EA86A9C00553AC0 /* Assets.xcassets in Resources */ = {isa = PBXBuildFile; fileRef = AFC387351EA86A9C00553AC0 /* Assets.xcassets */; };
		AFC387391EA86A9C00553AC0 /* LaunchScreen.storyboard in Resources */ = {isa = PBXBuildFile; fileRef = AFC387371EA86A9C00553AC0 /* LaunchScreen.storyboard */; };
/* End PBXBuildFile section */

/* Begin PBXFileReference section */
		AFC387261EA86A9C00553AC0 /* CAReplicatorLayer.app */ = {isa = PBXFileReference; explicitFileType = wrapper.application; includeInIndex = 0; path = CAReplicatorLayer.app; sourceTree = BUILT_PRODUCTS_DIR; };
		AFC3872A1EA86A9C00553AC0 /* main.m */ = {isa = PBXFileReference; lastKnownFileType = sourcecode.c.objc; path = main.m; sourceTree = "<group>"; };
		AFC3872C1EA86A9C00553AC0 /* AppDelegate.h */ = {isa = PBXFileReference; lastKnownFileType = sourcecode.c.h; path = AppDelegate.h; sourceTree = "<group>"; };
		AFC3872D1EA86A9C00553AC0 /* AppDelegate.m */ = {isa = PBXFileReference; lastKnownFileType = sourcecode.c.objc; path = AppDelegate.m; sourceTree = "<group>"; };
		AFC3872F1EA86A9C00553AC0 /* ViewController.h */ = {isa = PBXFileReference; lastKnownFileType = sourcecode.c.h; path = ViewController.h; sourceTree = "<group>"; };
		AFC387301EA86A9C00553AC0 /* ViewController.m */ = {isa = PBXFileReference; lastKnownFileType = sourcecode.c.objc; path = ViewController.m; sourceTree = "<group>"; };
		AFC387331EA86A9C00553AC0 /* Base */ = {isa = PBXFileReference; lastKnownFileType = file.storyboard; name = Base; path = Base.lproj/Main.storyboard; sourceTree = "<group>"; };
		AFC387351EA86A9C00553AC0 /* Assets.xcassets */ = {isa = PBXFileReference; lastKnownFileType = folder.assetcatalog; path = Assets.xcassets; sourceTree = "<group>"; };
		AFC387381EA86A9C00553AC0 /* Base */ = {isa = PBXFileReference; lastKnownFileType = file.storyboard; name = Base; path = Base.lproj/LaunchScreen.storyboard; sourceTree = "<group>"; };
		AFC3873A1EA86A9C00553AC0 /* Info.plist */ = {isa = PBXFileReference; lastKnownFileType = text.plist.xml; path = Info.plist; sourceTree = "<group>"; };
/* End PBXFileReference section */

/* Begin PBXFrameworksBuildPhase section */
		AFC387231EA86A9C00553AC0 /* Frameworks */ = {
			isa = PBXFrameworksBuildPhase;
			buildActionMask = 2147483647;
			files = (
			);
			runOnlyForDeploymentPostprocessing = 0;
		};
/* End PBXFrameworksBuildPhase section */

/* Begin PBXGroup section */
		AFC3871D1EA86A9C00553AC0 = {
			isa = PBXGroup;
			children = (
				AFC387281EA86A9C00553AC0 /* CAReplicatorLayer */,
				AFC387271EA86A9C00553AC0 /* Products */,
			);
			sourceTree = "<group>";
		};
		AFC387271EA86A9C00553AC0 /* Products */ = {
			isa = PBXGroup;
			children = (
				AFC387261EA86A9C00553AC0 /* CAReplicatorLayer.app */,
			);
			name = Products;
			sourceTree = "<group>";
		};
		AFC387281EA86A9C00553AC0 /* CAReplicatorLayer */ = {
			isa = PBXGroup;
			children = (
				AFC3872C1EA86A9C00553AC0 /* AppDelegate.h */,
				AFC3872D1EA86A9C00553AC0 /* AppDelegate.m */,
				AFC3872F1EA86A9C00553AC0 /* ViewController.h */,
				AFC387301EA86A9C00553AC0 /* ViewController.m */,
				AFC387321EA86A9C00553AC0 /* Main.storyboard */,
				AFC387351EA86A9C00553AC0 /* Assets.xcassets */,
				AFC387371EA86A9C00553AC0 /* LaunchScreen.storyboard */,
				AFC3873A1EA86A9C00553AC0 /* Info.plist */,
				AFC387291EA86A9C00553AC0 /* Supporting Files */,
			);
			path = CAReplicatorLayer;
			sourceTree = "<group>";
		};
		AFC387291EA86A9C00553AC0 /* Supporting Files */ = {
			isa = PBXGroup;
			children = (
				AFC3872A1EA86A9C00553AC0 /* main.m */,
			);
			name = "Supporting Files";
			sourceTree = "<group>";
		};
/* End PBXGroup section */

/* Begin PBXNativeTarget section */
		AFC387251EA86A9C00553AC0 /* CAReplicatorLayer */ = {
			isa = PBXNativeTarget;
			buildConfigurationList = AFC3873D1EA86A9C00553AC0 /* Build configuration list for PBXNativeTarget "CAReplicatorLayer" */;
			buildPhases = (
				AFC387221EA86A9C00553AC0 /* Sources */,
				AFC387231EA86A9C00553AC0 /* Frameworks */,
				AFC387241EA86A9C00553AC0 /* Resources */,
			);
			buildRules = (
			);
			dependencies = (
			);
			name = CAReplicatorLayer;
			productName = CAReplicatorLayer;
			productReference = AFC387261EA86A9C00553AC0 /* CAReplicatorLayer.app */;
			productType = "com.apple.product-type.application";
		};
/* End PBXNativeTarget section */

/* Begin PBXProject section */
		AFC3871E1EA86A9C00553AC0 /* Project object */ = {
			isa = PBXProject;
			attributes = {
				LastUpgradeCheck = 0820;
				ORGANIZATIONNAME = "海啸";
				TargetAttributes = {
					AFC387251EA86A9C00553AC0 = {
						CreatedOnToolsVersion = 8.2;
						DevelopmentTeam = 8CJPZVXX3U;
						ProvisioningStyle = Automatic;
					};
				};
			};
			buildConfigurationList = AFC387211EA86A9C00553AC0 /* Build configuration list for PBXProject "CAReplicatorLayer" */;
			compatibilityVersion = "Xcode 3.2";
			developmentRegion = English;
			hasScannedForEncodings = 0;
			knownRegions = (
				en,
				Base,
			);
			mainGroup = AFC3871D1EA86A9C00553AC0;
			productRefGroup = AFC387271EA86A9C00553AC0 /* Products */;
			projectDirPath = "";
			projectRoot = "";
			targets = (
				AFC387251EA86A9C00553AC0 /* CAReplicatorLayer */,
			);
		};
/* End PBXProject section */

/* Begin PBXResourcesBuildPhase section */
		AFC387241EA86A9C00553AC0 /* Resources */ = {
			isa = PBXResourcesBuildPhase;
			buildActionMask = 2147483647;
			files = (
				AFC387391EA86A9C00553AC0 /* LaunchScreen.storyboard in Resources */,
				AFC387361EA86A9C00553AC0 /* Assets.xcassets in Resources */,
				AFC387341EA86A9C00553AC0 /* Main.storyboard in Resources */,
			);
			runOnlyForDeploymentPostprocessing = 0;
		};
/* End PBXResourcesBuildPhase section */

/* Begin PBXSourcesBuildPhase section */
		AFC387221EA86A9C00553AC0 /* Sources */ = {
			isa = PBXSourcesBuildPhase;
			buildActionMask = 2147483647;
			files = (
				AFC387311EA86A9C00553AC0 /* ViewController.m in Sources */,
				AFC3872E1EA86A9C00553AC0 /* AppDelegate.m in Sources */,
				AFC3872B1EA86A9C00553AC0 /* main.m in Sources */,
			);
			runOnlyForDeploymentPostprocessing = 0;
		};
/* End PBXSourcesBuildPhase section */

/* Begin PBXVariantGroup section */
		AFC387321EA86A9C00553AC0 /* Main.storyboard */ = {
			isa = PBXVariantGroup;
			children = (
				AFC387331EA86A9C00553AC0 /* Base */,
			);
			name = Main.storyboard;
			sourceTree = "<group>";
		};
		AFC387371EA86A9C00553AC0 /* LaunchScreen.storyboard */ = {
			isa = PBXVariantGroup;
			children = (
				AFC387381EA86A9C00553AC0 /* Base */,
			);
			name = LaunchScreen.storyboard;
			sourceTree = "<group>";
		};
/* End PBXVariantGroup section */

/* Begin XCBuildConfiguration section */
		AFC3873B1EA86A9C00553AC0 /* Debug */ = {
			isa = XCBuildConfiguration;
			buildSettings = {
				ALWAYS_SEARCH_USER_PATHS = NO;
				CLANG_ANALYZER_NONNULL = YES;
				CLANG_CXX_LANGUAGE_STANDARD = "gnu++0x";
				CLANG_CXX_LIBRARY = "libc++";
				CLANG_ENABLE_MODULES = YES;
				CLANG_ENABLE_OBJC_ARC = YES;
				CLANG_WARN_BOOL_CONVERSION = YES;
				CLANG_WARN_CONSTANT_CONVERSION = YES;
				CLANG_WARN_DIRECT_OBJC_ISA_USAGE = YES_ERROR;
				CLANG_WARN_DOCUMENTATION_COMMENTS = YES;
				CLANG_WARN_EMPTY_BODY = YES;
				CLANG_WARN_ENUM_CONVERSION = YES;
				CLANG_WARN_INFINITE_RECURSION = YES;
				CLANG_WARN_INT_CONVERSION = YES;
				CLANG_WARN_OBJC_ROOT_CLASS = YES_ERROR;
				CLANG_WARN_SUSPICIOUS_MOVE = YES;
				CLANG_WARN_UNREACHABLE_CODE = YES;
				CLANG_WARN__DUPLICATE_METHOD_MATCH = YES;
				"CODE_SIGN_IDENTITY[sdk=iphoneos*]" = "iPhone Developer";
				COPY_PHASE_STRIP = NO;
				DEBUG_INFORMATION_FORMAT = dwarf;
				ENABLE_STRICT_OBJC_MSGSEND = YES;
				ENABLE_TESTABILITY = YES;
				GCC_C_LANGUAGE_STANDARD = gnu99;
				GCC_DYNAMIC_NO_PIC = NO;
				GCC_NO_COMMON_BLOCKS = YES;
				GCC_OPTIMIZATION_LEVEL = 0;
				GCC_PREPROCESSOR_DEFINITIONS = (
					"DEBUG=1",
					"$(inherited)",
				);
				GCC_WARN_64_TO_32_BIT_CONVERSION = YES;
				GCC_WARN_ABOUT_RETURN_TYPE = YES_ERROR;
				GCC_WARN_UNDECLARED_SELECTOR = YES;
				GCC_WARN_UNINITIALIZED_AUTOS = YES_AGGRESSIVE;
				GCC_WARN_UNUSED_FUNCTION = YES;
				GCC_WARN_UNUSED_VARIABLE = YES;
				IPHONEOS_DEPLOYMENT_TARGET = 10.2;
				MTL_ENABLE_DEBUG_INFO = YES;
				ONLY_ACTIVE_ARCH = YES;
				SDKROOT = iphoneos;
			};
			name = Debug;
		};
		AFC3873C1EA86A9C00553AC0 /* Release */ = {
			isa = XCBuildConfiguration;
			buildSettings = {
				ALWAYS_SEARCH_USER_PATHS = NO;
				CLANG_ANALYZER_NONNULL = YES;
				CLANG_CXX_LANGUAGE_STANDARD = "gnu++0x";
				CLANG_CXX_LIBRARY = "libc++";
				CLANG_ENABLE_MODULES = YES;
				CLANG_ENABLE_OBJC_ARC = YES;
				CLANG_WARN_BOOL_CONVERSION = YES;
				CLANG_WARN_CONSTANT_CONVERSION = YES;
				CLANG_WARN_DIRECT_OBJC_ISA_USAGE = YES_ERROR;
				CLANG_WARN_DOCUMENTATION_COMMENTS = YES;
				CLANG_WARN_EMPTY_BODY = YES;
				CLANG_WARN_ENUM_CONVERSION = YES;
				CLANG_WARN_INFINITE_RECURSION = YES;
				CLANG_WARN_INT_CONVERSION = YES;
				CLANG_WARN_OBJC_ROOT_CLASS = YES_ERROR;
				CLANG_WARN_SUSPICIOUS_MOVE = YES;
				CLANG_WARN_UNREACHABLE_CODE = YES;
				CLANG_WARN__DUPLICATE_METHOD_MATCH = YES;
				"CODE_SIGN_IDENTITY[sdk=iphoneos*]" = "iPhone Developer";
				COPY_PHASE_STRIP = NO;
				DEBUG_INFORMATION_FORMAT = "dwarf-with-dsym";
				ENABLE_NS_ASSERTIONS = NO;
				ENABLE_STRICT_OBJC_MSGSEND = YES;
				GCC_C_LANGUAGE_STANDARD = gnu99;
				GCC_NO_COMMON_BLOCKS = YES;
				GCC_WARN_64_TO_32_BIT_CONVERSION = YES;
				GCC_WARN_ABOUT_RETURN_TYPE = YES_ERROR;
				GCC_WARN_UNDECLARED_SELECTOR = YES;
				GCC_WARN_UNINITIALIZED_AUTOS = YES_AGGRESSIVE;
				GCC_WARN_UNUSED_FUNCTION = YES;
				GCC_WARN_UNUSED_VARIABLE = YES;
				IPHONEOS_DEPLOYMENT_TARGET = 10.2;
				MTL_ENABLE_DEBUG_INFO = NO;
				SDKROOT = iphoneos;
				VALIDATE_PRODUCT = YES;
			};
			name = Release;
		};
		AFC3873E1EA86A9C00553AC0 /* Debug */ = {
			isa = XCBuildConfiguration;
			buildSettings = {
				ASSETCATALOG_COMPILER_APPICON_NAME = AppIcon;
				DEVELOPMENT_TEAM = 8CJPZVXX3U;
				INFOPLIST_FILE = CAReplicatorLayer/Info.plist;
				LD_RUNPATH_SEARCH_PATHS = "$(inherited) @executable_path/Frameworks";
				PRODUCT_BUNDLE_IDENTIFIER = Haixiao.CAReplicatorLayer;
				PRODUCT_NAME = "$(TARGET_NAME)";
			};
			name = Debug;
		};
		AFC3873F1EA86A9C00553AC0 /* Release */ = {
			isa = XCBuildConfiguration;
			buildSettings = {
				ASSETCATALOG_COMPILER_APPICON_NAME = AppIcon;
				DEVELOPMENT_TEAM = 8CJPZVXX3U;
				INFOPLIST_FILE = CAReplicatorLayer/Info.plist;
				LD_RUNPATH_SEARCH_PATHS = "$(inherited) @executable_path/Frameworks";
				PRODUCT_BUNDLE_IDENTIFIER = Haixiao.CAReplicatorLayer;
				PRODUCT_NAME = "$(TARGET_NAME)";
			};
			name = Release;
		};
/* End XCBuildConfiguration section */

/* Begin XCConfigurationList section */
		AFC387211EA86A9C00553AC0 /* Build configuration list for PBXProject "CAReplicatorLayer" */ = {
			isa = XCConfigurationList;
			buildConfigurations = (
				AFC3873B1EA86A9C00553AC0 /* Debug */,
				AFC3873C1EA86A9C00553AC0 /* Release */,
			);
			defaultConfigurationIsVisible = 0;
			defaultConfigurationName = Release;
		};
		AFC3873D1EA86A9C00553AC0 /* Build configuration list for PBXNativeTarget "CAReplicatorLayer" */ = {
			isa = XCConfigurationList;
			buildConfigurations = (
				AFC3873E1EA86A9C00553AC0 /* Debug */,
				AFC3873F1EA86A9C00553AC0 /* Release */,
			);
			defaultConfigurationIsVisible = 0;
		};
/* End XCConfigurationList section */
	};
	rootObject = AFC3871E1EA86A9C00553AC0 /* Project object */;
}
